Microsoft Visual Studio Solution File, Format Version 12.00
# Visual Studio 14
Project("{8BC9CEB8-8B4A-11D0-8D11-00A0C91BC942}") = "ALL_BUILD", "ALL_BUILD.vcxproj", "{C3F0415D-4093-302C-B8EE-4B3C690E3E02}"
	ProjectSection(ProjectDependencies) = postProject
		{E3272005-7BCE-3EB4-82C0-71EEE110EB50} = {E3272005-7BCE-3EB4-82C0-71EEE110EB50}
		{B11FDD9D-677C-3D6C-AD70-A837FB1AA6AA} = {B11FDD9D-677C-3D6C-AD70-A837FB1AA6AA}
		{6AEEE770-DB3B-33D7-8FA5-B992D6226243} = {6AEEE770-DB3B-33D7-8FA5-B992D6226243}
		{E1CC4E79-3CC1-3499-B64F-8E7C538B86E2} = {E1CC4E79-3CC1-3499-B64F-8E7C538B86E2}
		{EA57D581-B117-3093-B4BC-B99C173DD083} = {EA57D581-B117-3093-B4BC-B99C173DD083}
		{9A137D56-22A5-3C51-A544-1A9F85279864} = {9A137D56-22A5-3C51-A544-1A9F85279864}
		{13E608DB-76D6-3FCC-8AB5-1D78F5E4BF37} = {13E608DB-76D6-3FCC-8AB5-1D78F5E4BF37}
		{5B6D22C5-7AE0-3F93-A21E-9967AA115294} = {5B6D22C5-7AE0-3F93-A21E-9967AA115294}
		{9C6F111E-14D3-3A8D-BD00-672DA2301058} = {9C6F111E-14D3-3A8D-BD00-672DA2301058}
		{C734D709-554B-37D6-AA31-B8EFC86FD872} = {C734D709-554B-37D6-AA31-B8EFC86FD872}
		{65BAF989-3A75-329F-A46D-391A2A895265} = {65BAF989-3A75-329F-A46D-391A2A895265}
		{38514357-C2A1-32D0-BEDD-D4994096B953} = {38514357-C2A1-32D0-BEDD-D4994096B953}
		{7B56B2C9-838B-31F3-9156-7EFF7C12220C} = {7B56B2C9-838B-31F3-9156-7EFF7C12220C}
		{55CC3328-5189-3B1B-A2D5-07648826B1D2} = {55CC3328-5189-3B1B-A2D5-07648826B1D2}
		{50875765-C23D-31DB-B56F-D2AC52E50EA2} = {50875765-C23D-31DB-B56F-D2AC52E50EA2}
		{F4B1E186-723A-3322-A137-43B6A65D0534} = {F4B1E186-723A-3322-A137-43B6A65D0534}
		{3BA2A95D-FBDF-370C-8342-122C8E746072} = {3BA2A95D-FBDF-370C-8342-122C8E746072}
		{6EBEF2C6-4533-397D-BCDB-DDB28A4EB7F3} = {6EBEF2C6-4533-397D-BCDB-DDB28A4EB7F3}
		{EB9EEBC6-A593-3543-B003-D1720B4C86EB} = {EB9EEBC6-A593-3543-B003-D1720B4C86EB}
		{E01D6D9B-E435-3E4E-85DB-C58677F8CE27} = {E01D6D9B-E435-3E4E-85DB-C58677F8CE27}
		{F1B94970-867F-3FCC-B797-DB4A9CF2A7B5} = {F1B94970-867F-3FCC-B797-DB4A9CF2A7B5}
		{B25D7888-2DC1-328B-BD04-0F3981139698} = {B25D7888-2DC1-328B-BD04-0F3981139698}
		{A8BEC3BB-A73F-3B67-8DC3-DCC07FE8A4C3} = {A8BEC3BB-A73F-3B67-8DC3-DCC07FE8A4C3}
		{F35B72E5-BCD6-33FB-8481-A12BD5D38E83} = {F35B72E5-BCD6-33FB-8481-A12BD5D38E83}
		{9FEABFA4-63B3-3CD9-AD99-7E40896255E6} = {9FEABFA4-63B3-3CD9-AD99-7E40896255E6}
	EndProjectSection
EndProject
Project("{8BC9CEB8-8B4A-11D0-8D11-00A0C91BC942}") = "INSTALL", "INSTALL.vcxproj", "{C400A7D3-34A6-3F75-986F-2EA0AB3431CF}"
	ProjectSection(ProjectDependencies) = postProject
		{C3F0415D-4093-302C-B8EE-4B3C690E3E02} = {C3F0415D-4093-302C-B8EE-4B3C690E3E02}
	EndProjectSection
EndProject
Project("{8BC9CEB8-8B4A-11D0-8D11-00A0C91BC942}") = "ZERO_CHECK", "ZERO_CHECK.vcxproj", "{E3272005-7BCE-3EB4-82C0-71EEE110EB50}"
	ProjectSection(ProjectDependencies) = postProject
	EndProjectSection
EndProject
Project("{8BC9CEB8-8B4A-11D0-8D11-00A0C91BC942}") = "boing", "examples\boing.vcxproj", "{B11FDD9D-677C-3D6C-AD70-A837FB1AA6AA}"
	ProjectSection(ProjectDependencies) = postProject
		{E3272005-7BCE-3EB4-82C0-71EEE110EB50} = {E3272005-7BCE-3EB4-82C0-71EEE110EB50}
		{9C6F111E-14D3-3A8D-BD00-672DA2301058} = {9C6F111E-14D3-3A8D-BD00-672DA2301058}
	EndProjectSection
EndProject
Project("{8BC9CEB8-8B4A-11D0-8D11-00A0C91BC942}") = "clipboard", "tests\clipboard.vcxproj", "{6AEEE770-DB3B-33D7-8FA5-B992D6226243}"
	ProjectSection(ProjectDependencies) = postProject
		{E3272005-7BCE-3EB4-82C0-71EEE110EB50} = {E3272005-7BCE-3EB4-82C0-71EEE110EB50}
		{9C6F111E-14D3-3A8D-BD00-672DA2301058} = {9C6F111E-14D3-3A8D-BD00-672DA2301058}
	EndProjectSection
EndProject
Project("{8BC9CEB8-8B4A-11D0-8D11-00A0C91BC942}") = "cursor", "tests\cursor.vcxproj", "{E1CC4E79-3CC1-3499-B64F-8E7C538B86E2}"
	ProjectSection(ProjectDependencies) = postProject
		{E3272005-7BCE-3EB4-82C0-71EEE110EB50} = {E3272005-7BCE-3EB4-82C0-71EEE110EB50}
		{9C6F111E-14D3-3A8D-BD00-672DA2301058} = {9C6F111E-14D3-3A8D-BD00-672DA2301058}
	EndProjectSection
EndProject
Project("{8BC9CEB8-8B4A-11D0-8D11-00A0C91BC942}") = "empty", "tests\empty.vcxproj", "{EA57D581-B117-3093-B4BC-B99C173DD083}"
	ProjectSection(ProjectDependencies) = postProject
		{E3272005-7BCE-3EB4-82C0-71EEE110EB50} = {E3272005-7BCE-3EB4-82C0-71EEE110EB50}
		{9C6F111E-14D3-3A8D-BD00-672DA2301058} = {9C6F111E-14D3-3A8D-BD00-672DA2301058}
	EndProjectSection
EndProject
Project("{8BC9CEB8-8B4A-11D0-8D11-00A0C91BC942}") = "events", "tests\events.vcxproj", "{9A137D56-22A5-3C51-A544-1A9F85279864}"
	ProjectSection(ProjectDependencies) = postProject
		{E3272005-7BCE-3EB4-82C0-71EEE110EB50} = {E3272005-7BCE-3EB4-82C0-71EEE110EB50}
		{9C6F111E-14D3-3A8D-BD00-672DA2301058} = {9C6F111E-14D3-3A8D-BD00-672DA2301058}
	EndProjectSection
EndProject
Project("{8BC9CEB8-8B4A-11D0-8D11-00A0C91BC942}") = "gamma", "tests\gamma.vcxproj", "{13E608DB-76D6-3FCC-8AB5-1D78F5E4BF37}"
	ProjectSection(ProjectDependencies) = postProject
		{E3272005-7BCE-3EB4-82C0-71EEE110EB50} = {E3272005-7BCE-3EB4-82C0-71EEE110EB50}
		{9C6F111E-14D3-3A8D-BD00-672DA2301058} = {9C6F111E-14D3-3A8D-BD00-672DA2301058}
	EndProjectSection
EndProject
Project("{8BC9CEB8-8B4A-11D0-8D11-00A0C91BC942}") = "gears", "examples\gears.vcxproj", "{5B6D22C5-7AE0-3F93-A21E-9967AA115294}"
	ProjectSection(ProjectDependencies) = postProject
		{E3272005-7BCE-3EB4-82C0-71EEE110EB50} = {E3272005-7BCE-3EB4-82C0-71EEE110EB50}
		{9C6F111E-14D3-3A8D-BD00-672DA2301058} = {9C6F111E-14D3-3A8D-BD00-672DA2301058}
	EndProjectSection
EndProject
Project("{8BC9CEB8-8B4A-11D0-8D11-00A0C91BC942}") = "glfw", "src\glfw.vcxproj", "{9C6F111E-14D3-3A8D-BD00-672DA2301058}"
	ProjectSection(ProjectDependencies) = postProject
		{E3272005-7BCE-3EB4-82C0-71EEE110EB50} = {E3272005-7BCE-3EB4-82C0-71EEE110EB50}
	EndProjectSection
EndProject
Project("{8BC9CEB8-8B4A-11D0-8D11-00A0C91BC942}") = "glfwinfo", "tests\glfwinfo.vcxproj", "{C734D709-554B-37D6-AA31-B8EFC86FD872}"
	ProjectSection(ProjectDependencies) = postProject
		{E3272005-7BCE-3EB4-82C0-71EEE110EB50} = {E3272005-7BCE-3EB4-82C0-71EEE110EB50}
		{9C6F111E-14D3-3A8D-BD00-672DA2301058} = {9C6F111E-14D3-3A8D-BD00-672DA2301058}
	EndProjectSection
EndProject
Project("{8BC9CEB8-8B4A-11D0-8D11-00A0C91BC942}") = "heightmap", "examples\heightmap.vcxproj", "{65BAF989-3A75-329F-A46D-391A2A895265}"
	ProjectSection(ProjectDependencies) = postProject
		{E3272005-7BCE-3EB4-82C0-71EEE110EB50} = {E3272005-7BCE-3EB4-82C0-71EEE110EB50}
		{9C6F111E-14D3-3A8D-BD00-672DA2301058} = {9C6F111E-14D3-3A8D-BD00-672DA2301058}
	EndProjectSection
EndProject
Project("{8BC9CEB8-8B4A-11D0-8D11-00A0C91BC942}") = "iconify", "tests\iconify.vcxproj", "{38514357-C2A1-32D0-BEDD-D4994096B953}"
	ProjectSection(ProjectDependencies) = postProject
		{E3272005-7BCE-3EB4-82C0-71EEE110EB50} = {E3272005-7BCE-3EB4-82C0-71EEE110EB50}
		{9C6F111E-14D3-3A8D-BD00-672DA2301058} = {9C6F111E-14D3-3A8D-BD00-672DA2301058}
	EndProjectSection
EndProject
Project("{8BC9CEB8-8B4A-11D0-8D11-00A0C91BC942}") = "joysticks", "tests\joysticks.vcxproj", "{7B56B2C9-838B-31F3-9156-7EFF7C12220C}"
	ProjectSection(ProjectDependencies) = postProject
		{E3272005-7BCE-3EB4-82C0-71EEE110EB50} = {E3272005-7BCE-3EB4-82C0-71EEE110EB50}
		{9C6F111E-14D3-3A8D-BD00-672DA2301058} = {9C6F111E-14D3-3A8D-BD00-672DA2301058}
	EndProjectSection
EndProject
Project("{8BC9CEB8-8B4A-11D0-8D11-00A0C91BC942}") = "monitors", "tests\monitors.vcxproj", "{55CC3328-5189-3B1B-A2D5-07648826B1D2}"
	ProjectSection(ProjectDependencies) = postProject
		{E3272005-7BCE-3EB4-82C0-71EEE110EB50} = {E3272005-7BCE-3EB4-82C0-71EEE110EB50}
		{9C6F111E-14D3-3A8D-BD00-672DA2301058} = {9C6F111E-14D3-3A8D-BD00-672DA2301058}
	EndProjectSection
EndProject
Project("{8BC9CEB8-8B4A-11D0-8D11-00A0C91BC942}") = "msaa", "tests\msaa.vcxproj", "{50875765-C23D-31DB-B56F-D2AC52E50EA2}"
	ProjectSection(ProjectDependencies) = postProject
		{E3272005-7BCE-3EB4-82C0-71EEE110EB50} = {E3272005-7BCE-3EB4-82C0-71EEE110EB50}
		{9C6F111E-14D3-3A8D-BD00-672DA2301058} = {9C6F111E-14D3-3A8D-BD00-672DA2301058}
	EndProjectSection
EndProject
Project("{8BC9CEB8-8B4A-11D0-8D11-00A0C91BC942}") = "particles", "examples\particles.vcxproj", "{F4B1E186-723A-3322-A137-43B6A65D0534}"
	ProjectSection(ProjectDependencies) = postProject
		{E3272005-7BCE-3EB4-82C0-71EEE110EB50} = {E3272005-7BCE-3EB4-82C0-71EEE110EB50}
		{9C6F111E-14D3-3A8D-BD00-672DA2301058} = {9C6F111E-14D3-3A8D-BD00-672DA2301058}
	EndProjectSection
EndProject
Project("{8BC9CEB8-8B4A-11D0-8D11-00A0C91BC942}") = "reopen", "tests\reopen.vcxproj", "{3BA2A95D-FBDF-370C-8342-122C8E746072}"
	ProjectSection(ProjectDependencies) = postProject
		{E3272005-7BCE-3EB4-82C0-71EEE110EB50} = {E3272005-7BCE-3EB4-82C0-71EEE110EB50}
		{9C6F111E-14D3-3A8D-BD00-672DA2301058} = {9C6F111E-14D3-3A8D-BD00-672DA2301058}
	EndProjectSection
EndProject
Project("{8BC9CEB8-8B4A-11D0-8D11-00A0C91BC942}") = "sharing", "tests\sharing.vcxproj", "{6EBEF2C6-4533-397D-BCDB-DDB28A4EB7F3}"
	ProjectSection(ProjectDependencies) = postProject
		{E3272005-7BCE-3EB4-82C0-71EEE110EB50} = {E3272005-7BCE-3EB4-82C0-71EEE110EB50}
		{9C6F111E-14D3-3A8D-BD00-672DA2301058} = {9C6F111E-14D3-3A8D-BD00-672DA2301058}
	EndProjectSection
EndProject
Project("{8BC9CEB8-8B4A-11D0-8D11-00A0C91BC942}") = "simple", "examples\simple.vcxproj", "{EB9EEBC6-A593-3543-B003-D1720B4C86EB}"
	ProjectSection(ProjectDependencies) = postProject
		{E3272005-7BCE-3EB4-82C0-71EEE110EB50} = {E3272005-7BCE-3EB4-82C0-71EEE110EB50}
		{9C6F111E-14D3-3A8D-BD00-672DA2301058} = {9C6F111E-14D3-3A8D-BD00-672DA2301058}
	EndProjectSection
EndProject
Project("{8BC9CEB8-8B4A-11D0-8D11-00A0C91BC942}") = "splitview", "examples\splitview.vcxproj", "{E01D6D9B-E435-3E4E-85DB-C58677F8CE27}"
	ProjectSection(ProjectDependencies) = postProject
		{E3272005-7BCE-3EB4-82C0-71EEE110EB50} = {E3272005-7BCE-3EB4-82C0-71EEE110EB50}
		{9C6F111E-14D3-3A8D-BD00-672DA2301058} = {9C6F111E-14D3-3A8D-BD00-672DA2301058}
	EndProjectSection
EndProject
Project("{8BC9CEB8-8B4A-11D0-8D11-00A0C91BC942}") = "tearing", "tests\tearing.vcxproj", "{F1B94970-867F-3FCC-B797-DB4A9CF2A7B5}"
	ProjectSection(ProjectDependencies) = postProject
		{E3272005-7BCE-3EB4-82C0-71EEE110EB50} = {E3272005-7BCE-3EB4-82C0-71EEE110EB50}
		{9C6F111E-14D3-3A8D-BD00-672DA2301058} = {9C6F111E-14D3-3A8D-BD00-672DA2301058}
	EndProjectSection
EndProject
Project("{8BC9CEB8-8B4A-11D0-8D11-00A0C91BC942}") = "threads", "tests\threads.vcxproj", "{B25D7888-2DC1-328B-BD04-0F3981139698}"
	ProjectSection(ProjectDependencies) = postProject
		{E3272005-7BCE-3EB4-82C0-71EEE110EB50} = {E3272005-7BCE-3EB4-82C0-71EEE110EB50}
		{9C6F111E-14D3-3A8D-BD00-672DA2301058} = {9C6F111E-14D3-3A8D-BD00-672DA2301058}
	EndProjectSection
EndProject
Project("{8BC9CEB8-8B4A-11D0-8D11-00A0C91BC942}") = "title", "tests\title.vcxproj", "{A8BEC3BB-A73F-3B67-8DC3-DCC07FE8A4C3}"
	ProjectSection(ProjectDependencies) = postProject
		{E3272005-7BCE-3EB4-82C0-71EEE110EB50} = {E3272005-7BCE-3EB4-82C0-71EEE110EB50}
		{9C6F111E-14D3-3A8D-BD00-672DA2301058} = {9C6F111E-14D3-3A8D-BD00-672DA2301058}
	EndProjectSection
EndProject
Project("{8BC9CEB8-8B4A-11D0-8D11-00A0C91BC942}") = "uninstall", "uninstall.vcxproj", "{A500E4E4-2B8D-36B0-BCC4-00E54CADBA99}"
	ProjectSection(ProjectDependencies) = postProject
		{E3272005-7BCE-3EB4-82C0-71EEE110EB50} = {E3272005-7BCE-3EB4-82C0-71EEE110EB50}
	EndProjectSection
EndProject
Project("{8BC9CEB8-8B4A-11D0-8D11-00A0C91BC942}") = "wave", "examples\wave.vcxproj", "{F35B72E5-BCD6-33FB-8481-A12BD5D38E83}"
	ProjectSection(ProjectDependencies) = postProject
		{E3272005-7BCE-3EB4-82C0-71EEE110EB50} = {E3272005-7BCE-3EB4-82C0-71EEE110EB50}
		{9C6F111E-14D3-3A8D-BD00-672DA2301058} = {9C6F111E-14D3-3A8D-BD00-672DA2301058}
	EndProjectSection
EndProject
Project("{8BC9CEB8-8B4A-11D0-8D11-00A0C91BC942}") = "windows", "tests\windows.vcxproj", "{9FEABFA4-63B3-3CD9-AD99-7E40896255E6}"
	ProjectSection(ProjectDependencies) = postProject
		{E3272005-7BCE-3EB4-82C0-71EEE110EB50} = {E3272005-7BCE-3EB4-82C0-71EEE110EB50}
		{9C6F111E-14D3-3A8D-BD00-672DA2301058} = {9C6F111E-14D3-3A8D-BD00-672DA2301058}
	EndProjectSection
EndProject
Project("{2150E333-8FDC-42A3-9474-1A3956D46DE8}") = "CMakePredefinedTargets", "CMakePredefinedTargets", "{5A5217E0-16E2-3946-9682-FD6F4EBADAD3}"
EndProject
Project("{2150E333-8FDC-42A3-9474-1A3956D46DE8}") = "GLFW3", "GLFW3", "{53A144EF-A93A-3317-835E-6EAC3B158C20}"
EndProject
Project("{2150E333-8FDC-42A3-9474-1A3956D46DE8}") = "Examples", "GLFW3\Examples", "{FE291B79-9ECE-39C4-916C-9FD37155169C}"
EndProject
Project("{2150E333-8FDC-42A3-9474-1A3956D46DE8}") = "Tests", "GLFW3\Tests", "{A13DAB87-1167-30A6-BFE9-7C7E822FF42F}"
EndProject
Global
	GlobalSection(SolutionConfigurationPlatforms) = preSolution
		Debug|x64 = Debug|x64
		Release|x64 = Release|x64
		MinSizeRel|x64 = MinSizeRel|x64
		RelWithDebInfo|x64 = RelWithDebInfo|x64
	EndGlobalSection
	GlobalSection(ProjectConfigurationPlatforms) = postSolution
		{C3F0415D-4093-302C-B8EE-4B3C690E3E02}.Debug|x64.ActiveCfg = Debug|x64
		{C3F0415D-4093-302C-B8EE-4B3C690E3E02}.Debug|x64.Build.0 = Debug|x64
		{C3F0415D-4093-302C-B8EE-4B3C690E3E02}.Release|x64.ActiveCfg = Release|x64
		{C3F0415D-4093-302C-B8EE-4B3C690E3E02}.Release|x64.Build.0 = Release|x64
		{C3F0415D-4093-302C-B8EE-4B3C690E3E02}.MinSizeRel|x64.ActiveCfg = MinSizeRel|x64
		{C3F0415D-4093-302C-B8EE-4B3C690E3E02}.MinSizeRel|x64.Build.0 = MinSizeRel|x64
		{C3F0415D-4093-302C-B8EE-4B3C690E3E02}.RelWithDebInfo|x64.ActiveCfg = RelWithDebInfo|x64
		{C3F0415D-4093-302C-B8EE-4B3C690E3E02}.RelWithDebInfo|x64.Build.0 = RelWithDebInfo|x64
		{C400A7D3-34A6-3F75-986F-2EA0AB3431CF}.Debug|x64.ActiveCfg = Debug|x64
		{C400A7D3-34A6-3F75-986F-2EA0AB3431CF}.Release|x64.ActiveCfg = Release|x64
		{C400A7D3-34A6-3F75-986F-2EA0AB3431CF}.MinSizeRel|x64.ActiveCfg = MinSizeRel|x64
		{C400A7D3-34A6-3F75-986F-2EA0AB3431CF}.RelWithDebInfo|x64.ActiveCfg = RelWithDebInfo|x64
		{E3272005-7BCE-3EB4-82C0-71EEE110EB50}.Debug|x64.ActiveCfg = Debug|x64
		{E3272005-7BCE-3EB4-82C0-71EEE110EB50}.Debug|x64.Build.0 = Debug|x64
		{E3272005-7BCE-3EB4-82C0-71EEE110EB50}.Release|x64.ActiveCfg = Release|x64
		{E3272005-7BCE-3EB4-82C0-71EEE110EB50}.Release|x64.Build.0 = Release|x64
		{E3272005-7BCE-3EB4-82C0-71EEE110EB50}.MinSizeRel|x64.ActiveCfg = MinSizeRel|x64
		{E3272005-7BCE-3EB4-82C0-71EEE110EB50}.MinSizeRel|x64.Build.0 = MinSizeRel|x64
		{E3272005-7BCE-3EB4-82C0-71EEE110EB50}.RelWithDebInfo|x64.ActiveCfg = RelWithDebInfo|x64
		{E3272005-7BCE-3EB4-82C0-71EEE110EB50}.RelWithDebInfo|x64.Build.0 = RelWithDebInfo|x64
		{B11FDD9D-677C-3D6C-AD70-A837FB1AA6AA}.Debug|x64.ActiveCfg = Debug|x64
		{B11FDD9D-677C-3D6C-AD70-A837FB1AA6AA}.Debug|x64.Build.0 = Debug|x64
		{B11FDD9D-677C-3D6C-AD70-A837FB1AA6AA}.Release|x64.ActiveCfg = Release|x64
		{B11FDD9D-677C-3D6C-AD70-A837FB1AA6AA}.Release|x64.Build.0 = Release|x64
		{B11FDD9D-677C-3D6C-AD70-A837FB1AA6AA}.MinSizeRel|x64.ActiveCfg = MinSizeRel|x64
		{B11FDD9D-677C-3D6C-AD70-A837FB1AA6AA}.MinSizeRel|x64.Build.0 = MinSizeRel|x64
		{B11FDD9D-677C-3D6C-AD70-A837FB1AA6AA}.RelWithDebInfo|x64.ActiveCfg = RelWithDebInfo|x64
		{B11FDD9D-677C-3D6C-AD70-A837FB1AA6AA}.RelWithDebInfo|x64.Build.0 = RelWithDebInfo|x64
		{6AEEE770-DB3B-33D7-8FA5-B992D6226243}.Debug|x64.ActiveCfg = Debug|x64
		{6AEEE770-DB3B-33D7-8FA5-B992D6226243}.Debug|x64.Build.0 = Debug|x64
		{6AEEE770-DB3B-33D7-8FA5-B992D6226243}.Release|x64.ActiveCfg = Release|x64
		{6AEEE770-DB3B-33D7-8FA5-B992D6226243}.Release|x64.Build.0 = Release|x64
		{6AEEE770-DB3B-33D7-8FA5-B992D6226243}.MinSizeRel|x64.ActiveCfg = MinSizeRel|x64
		{6AEEE770-DB3B-33D7-8FA5-B992D6226243}.MinSizeRel|x64.Build.0 = MinSizeRel|x64
		{6AEEE770-DB3B-33D7-8FA5-B992D6226243}.RelWithDebInfo|x64.ActiveCfg = RelWithDebInfo|x64
		{6AEEE770-DB3B-33D7-8FA5-B992D6226243}.RelWithDebInfo|x64.Build.0 = RelWithDebInfo|x64
		{E1CC4E79-3CC1-3499-B64F-8E7C538B86E2}.Debug|x64.ActiveCfg = Debug|x64
		{E1CC4E79-3CC1-3499-B64F-8E7C538B86E2}.Debug|x64.Build.0 = Debug|x64
		{E1CC4E79-3CC1-3499-B64F-8E7C538B86E2}.Release|x64.ActiveCfg = Release|x64
		{E1CC4E79-3CC1-3499-B64F-8E7C538B86E2}.Release|x64.Build.0 = Release|x64
		{E1CC4E79-3CC1-3499-B64F-8E7C538B86E2}.MinSizeRel|x64.ActiveCfg = MinSizeRel|x64
		{E1CC4E79-3CC1-3499-B64F-8E7C538B86E2}.MinSizeRel|x64.Build.0 = MinSizeRel|x64
		{E1CC4E79-3CC1-3499-B64F-8E7C538B86E2}.RelWithDebInfo|x64.ActiveCfg = RelWithDebInfo|x64
		{E1CC4E79-3CC1-3499-B64F-8E7C538B86E2}.RelWithDebInfo|x64.Build.0 = RelWithDebInfo|x64
		{EA57D581-B117-3093-B4BC-B99C173DD083}.Debug|x64.ActiveCfg = Debug|x64
		{EA57D581-B117-3093-B4BC-B99C173DD083}.Debug|x64.Build.0 = Debug|x64
		{EA57D581-B117-3093-B4BC-B99C173DD083}.Release|x64.ActiveCfg = Release|x64
		{EA57D581-B117-3093-B4BC-B99C173DD083}.Release|x64.Build.0 = Release|x64
		{EA57D581-B117-3093-B4BC-B99C173DD083}.MinSizeRel|x64.ActiveCfg = MinSizeRel|x64
		{EA57D581-B117-3093-B4BC-B99C173DD083}.MinSizeRel|x64.Build.0 = MinSizeRel|x64
		{EA57D581-B117-3093-B4BC-B99C173DD083}.RelWithDebInfo|x64.ActiveCfg = RelWithDebInfo|x64
		{EA57D581-B117-3093-B4BC-B99C173DD083}.RelWithDebInfo|x64.Build.0 = RelWithDebInfo|x64
		{9A137D56-22A5-3C51-A544-1A9F85279864}.Debug|x64.ActiveCfg = Debug|x64
		{9A137D56-22A5-3C51-A544-1A9F85279864}.Debug|x64.Build.0 = Debug|x64
		{9A137D56-22A5-3C51-A544-1A9F85279864}.Release|x64.ActiveCfg = Release|x64
		{9A137D56-22A5-3C51-A544-1A9F85279864}.Release|x64.Build.0 = Release|x64
		{9A137D56-22A5-3C51-A544-1A9F85279864}.MinSizeRel|x64.ActiveCfg = MinSizeRel|x64
		{9A137D56-22A5-3C51-A544-1A9F85279864}.MinSizeRel|x64.Build.0 = MinSizeRel|x64
		{9A137D56-22A5-3C51-A544-1A9F85279864}.RelWithDebInfo|x64.ActiveCfg = RelWithDebInfo|x64
		{9A137D56-22A5-3C51-A544-1A9F85279864}.RelWithDebInfo|x64.Build.0 = RelWithDebInfo|x64
		{13E608DB-76D6-3FCC-8AB5-1D78F5E4BF37}.Debug|x64.ActiveCfg = Debug|x64
		{13E608DB-76D6-3FCC-8AB5-1D78F5E4BF37}.Debug|x64.Build.0 = Debug|x64
		{13E608DB-76D6-3FCC-8AB5-1D78F5E4BF37}.Release|x64.ActiveCfg = Release|x64
		{13E608DB-76D6-3FCC-8AB5-1D78F5E4BF37}.Release|x64.Build.0 = Release|x64
		{13E608DB-76D6-3FCC-8AB5-1D78F5E4BF37}.MinSizeRel|x64.ActiveCfg = MinSizeRel|x64
		{13E608DB-76D6-3FCC-8AB5-1D78F5E4BF37}.MinSizeRel|x64.Build.0 = MinSizeRel|x64
		{13E608DB-76D6-3FCC-8AB5-1D78F5E4BF37}.RelWithDebInfo|x64.ActiveCfg = RelWithDebInfo|x64
		{13E608DB-76D6-3FCC-8AB5-1D78F5E4BF37}.RelWithDebInfo|x64.Build.0 = RelWithDebInfo|x64
		{5B6D22C5-7AE0-3F93-A21E-9967AA115294}.Debug|x64.ActiveCfg = Debug|x64
		{5B6D22C5-7AE0-3F93-A21E-9967AA115294}.Debug|x64.Build.0 = Debug|x64
		{5B6D22C5-7AE0-3F93-A21E-9967AA115294}.Release|x64.ActiveCfg = Release|x64
		{5B6D22C5-7AE0-3F93-A21E-9967AA115294}.Release|x64.Build.0 = Release|x64
		{5B6D22C5-7AE0-3F93-A21E-9967AA115294}.MinSizeRel|x64.ActiveCfg = MinSizeRel|x64
		{5B6D22C5-7AE0-3F93-A21E-9967AA115294}.MinSizeRel|x64.Build.0 = MinSizeRel|x64
		{5B6D22C5-7AE0-3F93-A21E-9967AA115294}.RelWithDebInfo|x64.ActiveCfg = RelWithDebInfo|x64
		{5B6D22C5-7AE0-3F93-A21E-9967AA115294}.RelWithDebInfo|x64.Build.0 = RelWithDebInfo|x64
		{9C6F111E-14D3-3A8D-BD00-672DA2301058}.Debug|x64.ActiveCfg = Debug|x64
		{9C6F111E-14D3-3A8D-BD00-672DA2301058}.Debug|x64.Build.0 = Debug|x64
		{9C6F111E-14D3-3A8D-BD00-672DA2301058}.Release|x64.ActiveCfg = Release|x64
		{9C6F111E-14D3-3A8D-BD00-672DA2301058}.Release|x64.Build.0 = Release|x64
		{9C6F111E-14D3-3A8D-BD00-672DA2301058}.MinSizeRel|x64.ActiveCfg = MinSizeRel|x64
		{9C6F111E-14D3-3A8D-BD00-672DA2301058}.MinSizeRel|x64.Build.0 = MinSizeRel|x64
		{9C6F111E-14D3-3A8D-BD00-672DA2301058}.RelWithDebInfo|x64.ActiveCfg = RelWithDebInfo|x64
		{9C6F111E-14D3-3A8D-BD00-672DA2301058}.RelWithDebInfo|x64.Build.0 = RelWithDebInfo|x64
		{C734D709-554B-37D6-AA31-B8EFC86FD872}.Debug|x64.ActiveCfg = Debug|x64
		{C734D709-554B-37D6-AA31-B8EFC86FD872}.Debug|x64.Build.0 = Debug|x64
		{C734D709-554B-37D6-AA31-B8EFC86FD872}.Release|x64.ActiveCfg = Release|x64
		{C734D709-554B-37D6-AA31-B8EFC86FD872}.Release|x64.Build.0 = Release|x64
		{C734D709-554B-37D6-AA31-B8EFC86FD872}.MinSizeRel|x64.ActiveCfg = MinSizeRel|x64
		{C734D709-554B-37D6-AA31-B8EFC86FD872}.MinSizeRel|x64.Build.0 = MinSizeRel|x64
		{C734D709-554B-37D6-AA31-B8EFC86FD872}.RelWithDebInfo|x64.ActiveCfg = RelWithDebInfo|x64
		{C734D709-554B-37D6-AA31-B8EFC86FD872}.RelWithDebInfo|x64.Build.0 = RelWithDebInfo|x64
		{65BAF989-3A75-329F-A46D-391A2A895265}.Debug|x64.ActiveCfg = Debug|x64
		{65BAF989-3A75-329F-A46D-391A2A895265}.Debug|x64.Build.0 = Debug|x64
		{65BAF989-3A75-329F-A46D-391A2A895265}.Release|x64.ActiveCfg = Release|x64
		{65BAF989-3A75-329F-A46D-391A2A895265}.Release|x64.Build.0 = Release|x64
		{65BAF989-3A75-329F-A46D-391A2A895265}.MinSizeRel|x64.ActiveCfg = MinSizeRel|x64
		{65BAF989-3A75-329F-A46D-391A2A895265}.MinSizeRel|x64.Build.0 = MinSizeRel|x64
		{65BAF989-3A75-329F-A46D-391A2A895265}.RelWithDebInfo|x64.ActiveCfg = RelWithDebInfo|x64
		{65BAF989-3A75-329F-A46D-391A2A895265}.RelWithDebInfo|x64.Build.0 = RelWithDebInfo|x64
		{38514357-C2A1-32D0-BEDD-D4994096B953}.Debug|x64.ActiveCfg = Debug|x64
		{38514357-C2A1-32D0-BEDD-D4994096B953}.Debug|x64.Build.0 = Debug|x64
		{38514357-C2A1-32D0-BEDD-D4994096B953}.Release|x64.ActiveCfg = Release|x64
		{38514357-C2A1-32D0-BEDD-D4994096B953}.Release|x64.Build.0 = Release|x64
		{38514357-C2A1-32D0-BEDD-D4994096B953}.MinSizeRel|x64.ActiveCfg = MinSizeRel|x64
		{38514357-C2A1-32D0-BEDD-D4994096B953}.MinSizeRel|x64.Build.0 = MinSizeRel|x64
		{38514357-C2A1-32D0-BEDD-D4994096B953}.RelWithDebInfo|x64.ActiveCfg = RelWithDebInfo|x64
		{38514357-C2A1-32D0-BEDD-D4994096B953}.RelWithDebInfo|x64.Build.0 = RelWithDebInfo|x64
		{7B56B2C9-838B-31F3-9156-7EFF7C12220C}.Debug|x64.ActiveCfg = Debug|x64
		{7B56B2C9-838B-31F3-9156-7EFF7C12220C}.Debug|x64.Build.0 = Debug|x64
		{7B56B2C9-838B-31F3-9156-7EFF7C12220C}.Release|x64.ActiveCfg = Release|x64
		{7B56B2C9-838B-31F3-9156-7EFF7C12220C}.Release|x64.Build.0 = Release|x64
		{7B56B2C9-838B-31F3-9156-7EFF7C12220C}.MinSizeRel|x64.ActiveCfg = MinSizeRel|x64
		{7B56B2C9-838B-31F3-9156-7EFF7C12220C}.MinSizeRel|x64.Build.0 = MinSizeRel|x64
		{7B56B2C9-838B-31F3-9156-7EFF7C12220C}.RelWithDebInfo|x64.ActiveCfg = RelWithDebInfo|x64
		{7B56B2C9-838B-31F3-9156-7EFF7C12220C}.RelWithDebInfo|x64.Build.0 = RelWithDebInfo|x64
		{55CC3328-5189-3B1B-A2D5-07648826B1D2}.Debug|x64.ActiveCfg = Debug|x64
		{55CC3328-5189-3B1B-A2D5-07648826B1D2}.Debug|x64.Build.0 = Debug|x64
		{55CC3328-5189-3B1B-A2D5-07648826B1D2}.Release|x64.ActiveCfg = Release|x64
		{55CC3328-5189-3B1B-A2D5-07648826B1D2}.Release|x64.Build.0 = Release|x64
		{55CC3328-5189-3B1B-A2D5-07648826B1D2}.MinSizeRel|x64.ActiveCfg = MinSizeRel|x64
		{55CC3328-5189-3B1B-A2D5-07648826B1D2}.MinSizeRel|x64.Build.0 = MinSizeRel|x64
		{55CC3328-5189-3B1B-A2D5-07648826B1D2}.RelWithDebInfo|x64.ActiveCfg = RelWithDebInfo|x64
		{55CC3328-5189-3B1B-A2D5-07648826B1D2}.RelWithDebInfo|x64.Build.0 = RelWithDebInfo|x64
		{50875765-C23D-31DB-B56F-D2AC52E50EA2}.Debug|x64.ActiveCfg = Debug|x64
		{50875765-C23D-31DB-B56F-D2AC52E50EA2}.Debug|x64.Build.0 = Debug|x64
		{50875765-C23D-31DB-B56F-D2AC52E50EA2}.Release|x64.ActiveCfg = Release|x64
		{50875765-C23D-31DB-B56F-D2AC52E50EA2}.Release|x64.Build.0 = Release|x64
		{50875765-C23D-31DB-B56F-D2AC52E50EA2}.MinSizeRel|x64.ActiveCfg = MinSizeRel|x64
		{50875765-C23D-31DB-B56F-D2AC52E50EA2}.MinSizeRel|x64.Build.0 = MinSizeRel|x64
		{50875765-C23D-31DB-B56F-D2AC52E50EA2}.RelWithDebInfo|x64.ActiveCfg = RelWithDebInfo|x64
		{50875765-C23D-31DB-B56F-D2AC52E50EA2}.RelWithDebInfo|x64.Build.0 = RelWithDebInfo|x64
		{F4B1E186-723A-3322-A137-43B6A65D0534}.Debug|x64.ActiveCfg = Debug|x64
		{F4B1E186-723A-3322-A137-43B6A65D0534}.Debug|x64.Build.0 = Debug|x64
		{F4B1E186-723A-3322-A137-43B6A65D0534}.Release|x64.ActiveCfg = Release|x64
		{F4B1E186-723A-3322-A137-43B6A65D0534}.Release|x64.Build.0 = Release|x64
		{F4B1E186-723A-3322-A137-43B6A65D0534}.MinSizeRel|x64.ActiveCfg = MinSizeRel|x64
		{F4B1E186-723A-3322-A137-43B6A65D0534}.MinSizeRel|x64.Build.0 = MinSizeRel|x64
		{F4B1E186-723A-3322-A137-43B6A65D0534}.RelWithDebInfo|x64.ActiveCfg = RelWithDebInfo|x64
		{F4B1E186-723A-3322-A137-43B6A65D0534}.RelWithDebInfo|x64.Build.0 = RelWithDebInfo|x64
		{3BA2A95D-FBDF-370C-8342-122C8E746072}.Debug|x64.ActiveCfg = Debug|x64
		{3BA2A95D-FBDF-370C-8342-122C8E746072}.Debug|x64.Build.0 = Debug|x64
		{3BA2A95D-FBDF-370C-8342-122C8E746072}.Release|x64.ActiveCfg = Release|x64
		{3BA2A95D-FBDF-370C-8342-122C8E746072}.Release|x64.Build.0 = Release|x64
		{3BA2A95D-FBDF-370C-8342-122C8E746072}.MinSizeRel|x64.ActiveCfg = MinSizeRel|x64
		{3BA2A95D-FBDF-370C-8342-122C8E746072}.MinSizeRel|x64.Build.0 = MinSizeRel|x64
		{3BA2A95D-FBDF-370C-8342-122C8E746072}.RelWithDebInfo|x64.ActiveCfg = RelWithDebInfo|x64
		{3BA2A95D-FBDF-370C-8342-122C8E746072}.RelWithDebInfo|x64.Build.0 = RelWithDebInfo|x64
		{6EBEF2C6-4533-397D-BCDB-DDB28A4EB7F3}.Debug|x64.ActiveCfg = Debug|x64
		{6EBEF2C6-4533-397D-BCDB-DDB28A4EB7F3}.Debug|x64.Build.0 = Debug|x64
		{6EBEF2C6-4533-397D-BCDB-DDB28A4EB7F3}.Release|x64.ActiveCfg = Release|x64
		{6EBEF2C6-4533-397D-BCDB-DDB28A4EB7F3}.Release|x64.Build.0 = Release|x64
		{6EBEF2C6-4533-397D-BCDB-DDB28A4EB7F3}.MinSizeRel|x64.ActiveCfg = MinSizeRel|x64
		{6EBEF2C6-4533-397D-BCDB-DDB28A4EB7F3}.MinSizeRel|x64.Build.0 = MinSizeRel|x64
		{6EBEF2C6-4533-397D-BCDB-DDB28A4EB7F3}.RelWithDebInfo|x64.ActiveCfg = RelWithDebInfo|x64
		{6EBEF2C6-4533-397D-BCDB-DDB28A4EB7F3}.RelWithDebInfo|x64.Build.0 = RelWithDebInfo|x64
		{EB9EEBC6-A593-3543-B003-D1720B4C86EB}.Debug|x64.ActiveCfg = Debug|x64
		{EB9EEBC6-A593-3543-B003-D1720B4C86EB}.Debug|x64.Build.0 = Debug|x64
		{EB9EEBC6-A593-3543-B003-D1720B4C86EB}.Release|x64.ActiveCfg = Release|x64
		{EB9EEBC6-A593-3543-B003-D1720B4C86EB}.Release|x64.Build.0 = Release|x64
		{EB9EEBC6-A593-3543-B003-D1720B4C86EB}.MinSizeRel|x64.ActiveCfg = MinSizeRel|x64
		{EB9EEBC6-A593-3543-B003-D1720B4C86EB}.MinSizeRel|x64.Build.0 = MinSizeRel|x64
		{EB9EEBC6-A593-3543-B003-D1720B4C86EB}.RelWithDebInfo|x64.ActiveCfg = RelWithDebInfo|x64
		{EB9EEBC6-A593-3543-B003-D1720B4C86EB}.RelWithDebInfo|x64.Build.0 = RelWithDebInfo|x64
		{E01D6D9B-E435-3E4E-85DB-C58677F8CE27}.Debug|x64.ActiveCfg = Debug|x64
		{E01D6D9B-E435-3E4E-85DB-C58677F8CE27}.Debug|x64.Build.0 = Debug|x64
		{E01D6D9B-E435-3E4E-85DB-C58677F8CE27}.Release|x64.ActiveCfg = Release|x64
		{E01D6D9B-E435-3E4E-85DB-C58677F8CE27}.Release|x64.Build.0 = Release|x64
		{E01D6D9B-E435-3E4E-85DB-C58677F8CE27}.MinSizeRel|x64.ActiveCfg = MinSizeRel|x64
		{E01D6D9B-E435-3E4E-85DB-C58677F8CE27}.MinSizeRel|x64.Build.0 = MinSizeRel|x64
		{E01D6D9B-E435-3E4E-85DB-C58677F8CE27}.RelWithDebInfo|x64.ActiveCfg = RelWithDebInfo|x64
		{E01D6D9B-E435-3E4E-85DB-C58677F8CE27}.RelWithDebInfo|x64.Build.0 = RelWithDebInfo|x64
		{F1B94970-867F-3FCC-B797-DB4A9CF2A7B5}.Debug|x64.ActiveCfg = Debug|x64
		{F1B94970-867F-3FCC-B797-DB4A9CF2A7B5}.Debug|x64.Build.0 = Debug|x64
		{F1B94970-867F-3FCC-B797-DB4A9CF2A7B5}.Release|x64.ActiveCfg = Release|x64
		{F1B94970-867F-3FCC-B797-DB4A9CF2A7B5}.Release|x64.Build.0 = Release|x64
		{F1B94970-867F-3FCC-B797-DB4A9CF2A7B5}.MinSizeRel|x64.ActiveCfg = MinSizeRel|x64
		{F1B94970-867F-3FCC-B797-DB4A9CF2A7B5}.MinSizeRel|x64.Build.0 = MinSizeRel|x64
		{F1B94970-867F-3FCC-B797-DB4A9CF2A7B5}.RelWithDebInfo|x64.ActiveCfg = RelWithDebInfo|x64
		{F1B94970-867F-3FCC-B797-DB4A9CF2A7B5}.RelWithDebInfo|x64.Build.0 = RelWithDebInfo|x64
		{B25D7888-2DC1-328B-BD04-0F3981139698}.Debug|x64.ActiveCfg = Debug|x64
		{B25D7888-2DC1-328B-BD04-0F3981139698}.Debug|x64.Build.0 = Debug|x64
		{B25D7888-2DC1-328B-BD04-0F3981139698}.Release|x64.ActiveCfg = Release|x64
		{B25D7888-2DC1-328B-BD04-0F3981139698}.Release|x64.Build.0 = Release|x64
		{B25D7888-2DC1-328B-BD04-0F3981139698}.MinSizeRel|x64.ActiveCfg = MinSizeRel|x64
		{B25D7888-2DC1-328B-BD04-0F3981139698}.MinSizeRel|x64.Build.0 = MinSizeRel|x64
		{B25D7888-2DC1-328B-BD04-0F3981139698}.RelWithDebInfo|x64.ActiveCfg = RelWithDebInfo|x64
		{B25D7888-2DC1-328B-BD04-0F3981139698}.RelWithDebInfo|x64.Build.0 = RelWithDebInfo|x64
		{A8BEC3BB-A73F-3B67-8DC3-DCC07FE8A4C3}.Debug|x64.ActiveCfg = Debug|x64
		{A8BEC3BB-A73F-3B67-8DC3-DCC07FE8A4C3}.Debug|x64.Build.0 = Debug|x64
		{A8BEC3BB-A73F-3B67-8DC3-DCC07FE8A4C3}.Release|x64.ActiveCfg = Release|x64
		{A8BEC3BB-A73F-3B67-8DC3-DCC07FE8A4C3}.Release|x64.Build.0 = Release|x64
		{A8BEC3BB-A73F-3B67-8DC3-DCC07FE8A4C3}.MinSizeRel|x64.ActiveCfg = MinSizeRel|x64
		{A8BEC3BB-A73F-3B67-8DC3-DCC07FE8A4C3}.MinSizeRel|x64.Build.0 = MinSizeRel|x64
		{A8BEC3BB-A73F-3B67-8DC3-DCC07FE8A4C3}.RelWithDebInfo|x64.ActiveCfg = RelWithDebInfo|x64
		{A8BEC3BB-A73F-3B67-8DC3-DCC07FE8A4C3}.RelWithDebInfo|x64.Build.0 = RelWithDebInfo|x64
		{A500E4E4-2B8D-36B0-BCC4-00E54CADBA99}.Debug|x64.ActiveCfg = Debug|x64
		{A500E4E4-2B8D-36B0-BCC4-00E54CADBA99}.Release|x64.ActiveCfg = Release|x64
		{A500E4E4-2B8D-36B0-BCC4-00E54CADBA99}.MinSizeRel|x64.ActiveCfg = MinSizeRel|x64
		{A500E4E4-2B8D-36B0-BCC4-00E54CADBA99}.RelWithDebInfo|x64.ActiveCfg = RelWithDebInfo|x64
		{F35B72E5-BCD6-33FB-8481-A12BD5D38E83}.Debug|x64.ActiveCfg = Debug|x64
		{F35B72E5-BCD6-33FB-8481-A12BD5D38E83}.Debug|x64.Build.0 = Debug|x64
		{F35B72E5-BCD6-33FB-8481-A12BD5D38E83}.Release|x64.ActiveCfg = Release|x64
		{F35B72E5-BCD6-33FB-8481-A12BD5D38E83}.Release|x64.Build.0 = Release|x64
		{F35B72E5-BCD6-33FB-8481-A12BD5D38E83}.MinSizeRel|x64.ActiveCfg = MinSizeRel|x64
		{F35B72E5-BCD6-33FB-8481-A12BD5D38E83}.MinSizeRel|x64.Build.0 = MinSizeRel|x64
		{F35B72E5-BCD6-33FB-8481-A12BD5D38E83}.RelWithDebInfo|x64.ActiveCfg = RelWithDebInfo|x64
		{F35B72E5-BCD6-33FB-8481-A12BD5D38E83}.RelWithDebInfo|x64.Build.0 = RelWithDebInfo|x64
		{9FEABFA4-63B3-3CD9-AD99-7E40896255E6}.Debug|x64.ActiveCfg = Debug|x64
		{9FEABFA4-63B3-3CD9-AD99-7E40896255E6}.Debug|x64.Build.0 = Debug|x64
		{9FEABFA4-63B3-3CD9-AD99-7E40896255E6}.Release|x64.ActiveCfg = Release|x64
		{9FEABFA4-63B3-3CD9-AD99-7E40896255E6}.Release|x64.Build.0 = Release|x64
		{9FEABFA4-63B3-3CD9-AD99-7E40896255E6}.MinSizeRel|x64.ActiveCfg = MinSizeRel|x64
		{9FEABFA4-63B3-3CD9-AD99-7E40896255E6}.MinSizeRel|x64.Build.0 = MinSizeRel|x64
		{9FEABFA4-63B3-3CD9-AD99-7E40896255E6}.RelWithDebInfo|x64.ActiveCfg = RelWithDebInfo|x64
		{9FEABFA4-63B3-3CD9-AD99-7E40896255E6}.RelWithDebInfo|x64.Build.0 = RelWithDebInfo|x64
	EndGlobalSection
	GlobalSection(NestedProjects) = preSolution
		{C400A7D3-34A6-3F75-986F-2EA0AB3431CF} = {5A5217E0-16E2-3946-9682-FD6F4EBADAD3}
		{E3272005-7BCE-3EB4-82C0-71EEE110EB50} = {5A5217E0-16E2-3946-9682-FD6F4EBADAD3}
		{FE291B79-9ECE-39C4-916C-9FD37155169C} = {53A144EF-A93A-3317-835E-6EAC3B158C20}
		{A13DAB87-1167-30A6-BFE9-7C7E822FF42F} = {53A144EF-A93A-3317-835E-6EAC3B158C20}
		{9C6F111E-14D3-3A8D-BD00-672DA2301058} = {53A144EF-A93A-3317-835E-6EAC3B158C20}
		{B11FDD9D-677C-3D6C-AD70-A837FB1AA6AA} = {FE291B79-9ECE-39C4-916C-9FD37155169C}
		{5B6D22C5-7AE0-3F93-A21E-9967AA115294} = {FE291B79-9ECE-39C4-916C-9FD37155169C}
		{65BAF989-3A75-329F-A46D-391A2A895265} = {FE291B79-9ECE-39C4-916C-9FD37155169C}
		{F4B1E186-723A-3322-A137-43B6A65D0534} = {FE291B79-9ECE-39C4-916C-9FD37155169C}
		{EB9EEBC6-A593-3543-B003-D1720B4C86EB} = {FE291B79-9ECE-39C4-916C-9FD37155169C}
		{E01D6D9B-E435-3E4E-85DB-C58677F8CE27} = {FE291B79-9ECE-39C4-916C-9FD37155169C}
		{F35B72E5-BCD6-33FB-8481-A12BD5D38E83} = {FE291B79-9ECE-39C4-916C-9FD37155169C}
		{6AEEE770-DB3B-33D7-8FA5-B992D6226243} = {A13DAB87-1167-30A6-BFE9-7C7E822FF42F}
		{E1CC4E79-3CC1-3499-B64F-8E7C538B86E2} = {A13DAB87-1167-30A6-BFE9-7C7E822FF42F}
		{EA57D581-B117-3093-B4BC-B99C173DD083} = {A13DAB87-1167-30A6-BFE9-7C7E822FF42F}
		{9A137D56-22A5-3C51-A544-1A9F85279864} = {A13DAB87-1167-30A6-BFE9-7C7E822FF42F}
		{13E608DB-76D6-3FCC-8AB5-1D78F5E4BF37} = {A13DAB87-1167-30A6-BFE9-7C7E822FF42F}
		{C734D709-554B-37D6-AA31-B8EFC86FD872} = {A13DAB87-1167-30A6-BFE9-7C7E822FF42F}
		{38514357-C2A1-32D0-BEDD-D4994096B953} = {A13DAB87-1167-30A6-BFE9-7C7E822FF42F}
		{7B56B2C9-838B-31F3-9156-7EFF7C12220C} = {A13DAB87-1167-30A6-BFE9-7C7E822FF42F}
		{55CC3328-5189-3B1B-A2D5-07648826B1D2} = {A13DAB87-1167-30A6-BFE9-7C7E822FF42F}
		{50875765-C23D-31DB-B56F-D2AC52E50EA2} = {A13DAB87-1167-30A6-BFE9-7C7E822FF42F}
		{3BA2A95D-FBDF-370C-8342-122C8E746072} = {A13DAB87-1167-30A6-BFE9-7C7E822FF42F}
		{6EBEF2C6-4533-397D-BCDB-DDB28A4EB7F3} = {A13DAB87-1167-30A6-BFE9-7C7E822FF42F}
		{F1B94970-867F-3FCC-B797-DB4A9CF2A7B5} = {A13DAB87-1167-30A6-BFE9-7C7E822FF42F}
		{B25D7888-2DC1-328B-BD04-0F3981139698} = {A13DAB87-1167-30A6-BFE9-7C7E822FF42F}
		{A8BEC3BB-A73F-3B67-8DC3-DCC07FE8A4C3} = {A13DAB87-1167-30A6-BFE9-7C7E822FF42F}
		{9FEABFA4-63B3-3CD9-AD99-7E40896255E6} = {A13DAB87-1167-30A6-BFE9-7C7E822FF42F}
	EndGlobalSection
	GlobalSection(ExtensibilityGlobals) = postSolution
	EndGlobalSection
	GlobalSection(ExtensibilityAddIns) = postSolution
	EndGlobalSection
EndGlobal
